
Microsoft Visual Studio Solution File, Format Version 12.00
# Visual Studio 15
VisualStudioVersion = 15.0.28307.572
MinimumVisualStudioVersion = 10.0.40219.1
Project("{FAE04EC0-301F-11D3-BF4B-00C04F79EFBC}") = "A3_test", "A3_test\A3_test.csproj", "{E8F780AE-6367-473A-866E-448452987C09}"
EndProject
Global
	GlobalSection(SolutionConfigurationPlatforms) = preSolution
		Debug|Any CPU = Debug|Any CPU
		Debug|x64 = Debug|x64
		Debug|x86 = Debug|x86
		R_64|Any CPU = R_64|Any CPU
		R_64|x64 = R_64|x64
		R_64|x86 = R_64|x86
		R_86|Any CPU = R_86|Any CPU
		R_86|x64 = R_86|x64
		R_86|x86 = R_86|x86
		Release|Any CPU = Release|Any CPU
		Release|x64 = Release|x64
		Release|x86 = Release|x86
	EndGlobalSection
	GlobalSection(ProjectConfigurationPlatforms) = postSolution
		{E8F780AE-6367-473A-866E-448452987C09}.Debug|Any CPU.ActiveCfg = Debug|x86
		{E8F780AE-6367-473A-866E-448452987C09}.Debug|x64.ActiveCfg = Debug|x64
		{E8F780AE-6367-473A-866E-448452987C09}.Debug|x64.Build.0 = Debug|x64
		{E8F780AE-6367-473A-866E-448452987C09}.Debug|x86.ActiveCfg = Debug|x86
		{E8F780AE-6367-473A-866E-448452987C09}.Debug|x86.Build.0 = Debug|x86
		{E8F780AE-6367-473A-866E-448452987C09}.R_64|Any CPU.ActiveCfg = R_64|x86
		{E8F780AE-6367-473A-866E-448452987C09}.R_64|x64.ActiveCfg = R_64|x64
		{E8F780AE-6367-473A-866E-448452987C09}.R_64|x64.Build.0 = R_64|x64
		{E8F780AE-6367-473A-866E-448452987C09}.R_64|x86.ActiveCfg = R_64|x86
		{E8F780AE-6367-473A-866E-448452987C09}.R_64|x86.Build.0 = R_64|x86
		{E8F780AE-6367-473A-866E-448452987C09}.R_86|Any CPU.ActiveCfg = R_86|x86
		{E8F780AE-6367-473A-866E-448452987C09}.R_86|x64.ActiveCfg = R_86|x64
		{E8F780AE-6367-473A-866E-448452987C09}.R_86|x64.Build.0 = R_86|x64
		{E8F780AE-6367-473A-866E-448452987C09}.R_86|x86.ActiveCfg = R_86|x86
		{E8F780AE-6367-473A-866E-448452987C09}.R_86|x86.Build.0 = R_86|x86
		{E8F780AE-6367-473A-866E-448452987C09}.Release|Any CPU.ActiveCfg = R_64|x64
		{E8F780AE-6367-473A-866E-448452987C09}.Release|Any CPU.Build.0 = R_64|x64
		{E8F780AE-6367-473A-866E-448452987C09}.Release|x64.ActiveCfg = R_64|x64
		{E8F780AE-6367-473A-866E-448452987C09}.Release|x64.Build.0 = R_64|x64
		{E8F780AE-6367-473A-866E-448452987C09}.Release|x86.ActiveCfg = R_64|x86
		{E8F780AE-6367-473A-866E-448452987C09}.Release|x86.Build.0 = R_64|x86
	EndGlobalSection
	GlobalSection(SolutionProperties) = preSolution
		HideSolutionNode = FALSE
	EndGlobalSection
	GlobalSection(ExtensibilityGlobals) = postSolution
		SolutionGuid = {9648F32E-4CF1-4398-920D-DC738394B39F}
	EndGlobalSection
EndGlobal
